// !$*UTF8*$!
{
	archiveVersion = 1;
	classes = {
	};
	objectVersion = 56;
	objects = {

/* Begin PBXBuildFile section */
		1B477BDE2C03B3C600E70607 /* swiftful_swiftui_practiceApp.swift in Sources */ = {isa = PBXBuildFile; fileRef = 1B477BDD2C03B3C600E70607 /* swiftful_swiftui_practiceApp.swift */; };
		1B477BE02C03B3C600E70607 /* ContentView.swift in Sources */ = {isa = PBXBuildFile; fileRef = 1B477BDF2C03B3C600E70607 /* ContentView.swift */; };
		1B477BE22C03B3C700E70607 /* Assets.xcassets in Resources */ = {isa = PBXBuildFile; fileRef = 1B477BE12C03B3C700E70607 /* Assets.xcassets */; };
		1B477BE52C03B3C700E70607 /* Preview Assets.xcassets in Resources */ = {isa = PBXBuildFile; fileRef = 1B477BE42C03B3C700E70607 /* Preview Assets.xcassets */; };
		1B477BF02C03B4B500E70607 /* ImageLoaderView.swift in Sources */ = {isa = PBXBuildFile; fileRef = 1B477BEF2C03B4B500E70607 /* ImageLoaderView.swift */; };
		1B477BF22C03B62900E70607 /* Constants.swift in Sources */ = {isa = PBXBuildFile; fileRef = 1B477BF12C03B62900E70607 /* Constants.swift */; };
		1B477BF42C03B83300E70607 /* DatabaseHelper.swift in Sources */ = {isa = PBXBuildFile; fileRef = 1B477BF32C03B83300E70607 /* DatabaseHelper.swift */; };
		1B477BF82C03BEC700E70607 /* User.swift in Sources */ = {isa = PBXBuildFile; fileRef = 1B477BF72C03BEC700E70607 /* User.swift */; };
		1B477C032C03C41800E70607 /* SpotifyHomeView.swift in Sources */ = {isa = PBXBuildFile; fileRef = 1B477C022C03C41800E70607 /* SpotifyHomeView.swift */; };
		1B477C052C03C85A00E70607 /* SpotifyCategoryCell.swift in Sources */ = {isa = PBXBuildFile; fileRef = 1B477C042C03C85A00E70607 /* SpotifyCategoryCell.swift */; };
		1B477C082C03CACD00E70607 /* Category.swift in Sources */ = {isa = PBXBuildFile; fileRef = 1B477C072C03CACD00E70607 /* Category.swift */; };
		1B477C0A2C03F0C400E70607 /* SpotifyRecentCell.swift in Sources */ = {isa = PBXBuildFile; fileRef = 1B477C092C03F0C400E70607 /* SpotifyRecentCell.swift */; };
		1B477C0D2C03FA3E00E70607 /* SDWebImageSwiftUI in Frameworks */ = {isa = PBXBuildFile; productRef = 1B477C0C2C03FA3E00E70607 /* SDWebImageSwiftUI */; };
		1B477C102C03FAC000E70607 /* SwiftfulUI in Frameworks */ = {isa = PBXBuildFile; productRef = 1B477C0F2C03FAC000E70607 /* SwiftfulUI */; };
		1B477C132C03FAE600E70607 /* SwiftfulRouting in Frameworks */ = {isa = PBXBuildFile; productRef = 1B477C122C03FAE600E70607 /* SwiftfulRouting */; };
		1B477C152C0403C400E70607 /* SpotifyNewReleaseCell.swift in Sources */ = {isa = PBXBuildFile; fileRef = 1B477C142C0403C400E70607 /* SpotifyNewReleaseCell.swift */; };
		1B477C172C0411FF00E70607 /* ImageTitleRowCell.swift in Sources */ = {isa = PBXBuildFile; fileRef = 1B477C162C0411FF00E70607 /* ImageTitleRowCell.swift */; };
		1B477C192C0419B100E70607 /* SpotifyPlaylistView.swift in Sources */ = {isa = PBXBuildFile; fileRef = 1B477C182C0419B100E70607 /* SpotifyPlaylistView.swift */; };
		1B477C1B2C041AB200E70607 /* PlaylistHeaderCell.swift in Sources */ = {isa = PBXBuildFile; fileRef = 1B477C1A2C041AB200E70607 /* PlaylistHeaderCell.swift */; };
		1B477C1D2C041AE300E70607 /* PlaylistDescriptionCell.swift in Sources */ = {isa = PBXBuildFile; fileRef = 1B477C1C2C041AE300E70607 /* PlaylistDescriptionCell.swift */; };
		1B477C1F2C041B4700E70607 /* SongRowCell.swift in Sources */ = {isa = PBXBuildFile; fileRef = 1B477C1E2C041B4700E70607 /* SongRowCell.swift */; };
		1B6043882C1751B3005FB15D /* BumbleHomeView.swift in Sources */ = {isa = PBXBuildFile; fileRef = 1B6043872C1751B3005FB15D /* BumbleHomeView.swift */; };
		1B60438A2C175D45005FB15D /* BumbleFilterView.swift in Sources */ = {isa = PBXBuildFile; fileRef = 1B6043892C175D45005FB15D /* BumbleFilterView.swift */; };
		1B60438C2C177CA9005FB15D /* BumbleCardView.swift in Sources */ = {isa = PBXBuildFile; fileRef = 1B60438B2C177CA9005FB15D /* BumbleCardView.swift */; };
		1BB6499D2C17820700CE4C13 /* BumbleHeartView.swift in Sources */ = {isa = PBXBuildFile; fileRef = 1BB6499C2C17820700CE4C13 /* BumbleHeartView.swift */; };
		1BB6499F2C189E0E00CE4C13 /* InterestPillView.swift in Sources */ = {isa = PBXBuildFile; fileRef = 1BB6499E2C189E0E00CE4C13 /* InterestPillView.swift */; };
		1BB649A12C189FDF00CE4C13 /* InterestPillGridView.swift in Sources */ = {isa = PBXBuildFile; fileRef = 1BB649A02C189FDF00CE4C13 /* InterestPillGridView.swift */; };
		1BB649A32C19E67C00CE4C13 /* BumbleProfileImageCell.swift in Sources */ = {isa = PBXBuildFile; fileRef = 1BB649A22C19E67C00CE4C13 /* BumbleProfileImageCell.swift */; };
		1BB649A52C19E89900CE4C13 /* BumbleChatPreviewCell.swift in Sources */ = {isa = PBXBuildFile; fileRef = 1BB649A42C19E89900CE4C13 /* BumbleChatPreviewCell.swift */; };
		1BB649A72C19ECCA00CE4C13 /* BumbleChatsView.swift in Sources */ = {isa = PBXBuildFile; fileRef = 1BB649A62C19ECCA00CE4C13 /* BumbleChatsView.swift */; };
/* End PBXBuildFile section */

/* Begin PBXFileReference section */
		1B477BDA2C03B3C600E70607 /* swiftful-swiftui-practice.app */ = {isa = PBXFileReference; explicitFileType = wrapper.application; includeInIndex = 0; path = "swiftful-swiftui-practice.app"; sourceTree = BUILT_PRODUCTS_DIR; };
		1B477BDD2C03B3C600E70607 /* swiftful_swiftui_practiceApp.swift */ = {isa = PBXFileReference; lastKnownFileType = sourcecode.swift; path = swiftful_swiftui_practiceApp.swift; sourceTree = "<group>"; };
		1B477BDF2C03B3C600E70607 /* ContentView.swift */ = {isa = PBXFileReference; lastKnownFileType = sourcecode.swift; path = ContentView.swift; sourceTree = "<group>"; };
		1B477BE12C03B3C700E70607 /* Assets.xcassets */ = {isa = PBXFileReference; lastKnownFileType = folder.assetcatalog; path = Assets.xcassets; sourceTree = "<group>"; };
		1B477BE42C03B3C700E70607 /* Preview Assets.xcassets */ = {isa = PBXFileReference; lastKnownFileType = folder.assetcatalog; path = "Preview Assets.xcassets"; sourceTree = "<group>"; };
		1B477BEF2C03B4B500E70607 /* ImageLoaderView.swift */ = {isa = PBXFileReference; lastKnownFileType = sourcecode.swift; path = ImageLoaderView.swift; sourceTree = "<group>"; };
		1B477BF12C03B62900E70607 /* Constants.swift */ = {isa = PBXFileReference; lastKnownFileType = sourcecode.swift; path = Constants.swift; sourceTree = "<group>"; };
		1B477BF32C03B83300E70607 /* DatabaseHelper.swift */ = {isa = PBXFileReference; lastKnownFileType = sourcecode.swift; path = DatabaseHelper.swift; sourceTree = "<group>"; };
		1B477BF72C03BEC700E70607 /* User.swift */ = {isa = PBXFileReference; lastKnownFileType = sourcecode.swift; path = User.swift; sourceTree = "<group>"; };
		1B477C022C03C41800E70607 /* SpotifyHomeView.swift */ = {isa = PBXFileReference; lastKnownFileType = sourcecode.swift; path = SpotifyHomeView.swift; sourceTree = "<group>"; };
		1B477C042C03C85A00E70607 /* SpotifyCategoryCell.swift */ = {isa = PBXFileReference; lastKnownFileType = sourcecode.swift; path = SpotifyCategoryCell.swift; sourceTree = "<group>"; };
		1B477C072C03CACD00E70607 /* Category.swift */ = {isa = PBXFileReference; lastKnownFileType = sourcecode.swift; path = Category.swift; sourceTree = "<group>"; };
		1B477C092C03F0C400E70607 /* SpotifyRecentCell.swift */ = {isa = PBXFileReference; lastKnownFileType = sourcecode.swift; path = SpotifyRecentCell.swift; sourceTree = "<group>"; };
		1B477C142C0403C400E70607 /* SpotifyNewReleaseCell.swift */ = {isa = PBXFileReference; lastKnownFileType = sourcecode.swift; path = SpotifyNewReleaseCell.swift; sourceTree = "<group>"; };
		1B477C162C0411FF00E70607 /* ImageTitleRowCell.swift */ = {isa = PBXFileReference; lastKnownFileType = sourcecode.swift; path = ImageTitleRowCell.swift; sourceTree = "<group>"; };
		1B477C182C0419B100E70607 /* SpotifyPlaylistView.swift */ = {isa = PBXFileReference; lastKnownFileType = sourcecode.swift; path = SpotifyPlaylistView.swift; sourceTree = "<group>"; };
		1B477C1A2C041AB200E70607 /* PlaylistHeaderCell.swift */ = {isa = PBXFileReference; lastKnownFileType = sourcecode.swift; path = PlaylistHeaderCell.swift; sourceTree = "<group>"; };
		1B477C1C2C041AE300E70607 /* PlaylistDescriptionCell.swift */ = {isa = PBXFileReference; lastKnownFileType = sourcecode.swift; path = PlaylistDescriptionCell.swift; sourceTree = "<group>"; };
		1B477C1E2C041B4700E70607 /* SongRowCell.swift */ = {isa = PBXFileReference; lastKnownFileType = sourcecode.swift; path = SongRowCell.swift; sourceTree = "<group>"; };
		1B6043872C1751B3005FB15D /* BumbleHomeView.swift */ = {isa = PBXFileReference; lastKnownFileType = sourcecode.swift; path = BumbleHomeView.swift; sourceTree = "<group>"; };
		1B6043892C175D45005FB15D /* BumbleFilterView.swift */ = {isa = PBXFileReference; lastKnownFileType = sourcecode.swift; path = BumbleFilterView.swift; sourceTree = "<group>"; };
		1B60438B2C177CA9005FB15D /* BumbleCardView.swift */ = {isa = PBXFileReference; lastKnownFileType = sourcecode.swift; path = BumbleCardView.swift; sourceTree = "<group>"; };
		1BB6499C2C17820700CE4C13 /* BumbleHeartView.swift */ = {isa = PBXFileReference; lastKnownFileType = sourcecode.swift; path = BumbleHeartView.swift; sourceTree = "<group>"; };
		1BB6499E2C189E0E00CE4C13 /* InterestPillView.swift */ = {isa = PBXFileReference; lastKnownFileType = sourcecode.swift; path = InterestPillView.swift; sourceTree = "<group>"; };
		1BB649A02C189FDF00CE4C13 /* InterestPillGridView.swift */ = {isa = PBXFileReference; lastKnownFileType = sourcecode.swift; path = InterestPillGridView.swift; sourceTree = "<group>"; };
		1BB649A22C19E67C00CE4C13 /* BumbleProfileImageCell.swift */ = {isa = PBXFileReference; lastKnownFileType = sourcecode.swift; path = BumbleProfileImageCell.swift; sourceTree = "<group>"; };
		1BB649A42C19E89900CE4C13 /* BumbleChatPreviewCell.swift */ = {isa = PBXFileReference; lastKnownFileType = sourcecode.swift; path = BumbleChatPreviewCell.swift; sourceTree = "<group>"; };
		1BB649A62C19ECCA00CE4C13 /* BumbleChatsView.swift */ = {isa = PBXFileReference; lastKnownFileType = sourcecode.swift; path = BumbleChatsView.swift; sourceTree = "<group>"; };
/* End PBXFileReference section */

/* Begin PBXFrameworksBuildPhase section */
		1B477BD72C03B3C600E70607 /* Frameworks */ = {
			isa = PBXFrameworksBuildPhase;
			buildActionMask = 2147483647;
			files = (
				1B477C102C03FAC000E70607 /* SwiftfulUI in Frameworks */,
				1B477C132C03FAE600E70607 /* SwiftfulRouting in Frameworks */,
				1B477C0D2C03FA3E00E70607 /* SDWebImageSwiftUI in Frameworks */,
			);
			runOnlyForDeploymentPostprocessing = 0;
		};
/* End PBXFrameworksBuildPhase section */

/* Begin PBXGroup section */
		1B477BD12C03B3C600E70607 = {
			isa = PBXGroup;
			children = (
				1B477BDC2C03B3C600E70607 /* swiftful-swiftui-practice */,
				1B477BDB2C03B3C600E70607 /* Products */,
			);
			sourceTree = "<group>";
		};
		1B477BDB2C03B3C600E70607 /* Products */ = {
			isa = PBXGroup;
			children = (
				1B477BDA2C03B3C600E70607 /* swiftful-swiftui-practice.app */,
			);
			name = Products;
			sourceTree = "<group>";
		};
		1B477BDC2C03B3C600E70607 /* swiftful-swiftui-practice */ = {
			isa = PBXGroup;
			children = (
				1B6043842C174419005FB15D /* Bumble */,
				1B477BFF2C03C3D500E70607 /* Spotify */,
				1B477BEE2C03B48B00E70607 /* Shared */,
				1B477BDD2C03B3C600E70607 /* swiftful_swiftui_practiceApp.swift */,
				1B477BDF2C03B3C600E70607 /* ContentView.swift */,
				1B477BE12C03B3C700E70607 /* Assets.xcassets */,
				1B477BE32C03B3C700E70607 /* Preview Content */,
			);
			path = "swiftful-swiftui-practice";
			sourceTree = "<group>";
		};
		1B477BE32C03B3C700E70607 /* Preview Content */ = {
			isa = PBXGroup;
			children = (
				1B477BE42C03B3C700E70607 /* Preview Assets.xcassets */,
			);
			path = "Preview Content";
			sourceTree = "<group>";
		};
		1B477BEE2C03B48B00E70607 /* Shared */ = {
			isa = PBXGroup;
			children = (
				1B477BEF2C03B4B500E70607 /* ImageLoaderView.swift */,
				1B477BF12C03B62900E70607 /* Constants.swift */,
				1B477BF32C03B83300E70607 /* DatabaseHelper.swift */,
				1B477BF72C03BEC700E70607 /* User.swift */,
			);
			path = Shared;
			sourceTree = "<group>";
		};
		1B477BFF2C03C3D500E70607 /* Spotify */ = {
			isa = PBXGroup;
			children = (
				1B477C062C03CABE00E70607 /* Models */,
				1B477C012C03C3FC00E70607 /* Components */,
				1B477C002C03C3E100E70607 /* Screens */,
			);
			path = Spotify;
			sourceTree = "<group>";
		};
		1B477C002C03C3E100E70607 /* Screens */ = {
			isa = PBXGroup;
			children = (
				1B477C022C03C41800E70607 /* SpotifyHomeView.swift */,
				1B477C182C0419B100E70607 /* SpotifyPlaylistView.swift */,
			);
			path = Screens;
			sourceTree = "<group>";
		};
		1B477C012C03C3FC00E70607 /* Components */ = {
			isa = PBXGroup;
			children = (
				1B477C042C03C85A00E70607 /* SpotifyCategoryCell.swift */,
				1B477C092C03F0C400E70607 /* SpotifyRecentCell.swift */,
				1B477C142C0403C400E70607 /* SpotifyNewReleaseCell.swift */,
				1B477C162C0411FF00E70607 /* ImageTitleRowCell.swift */,
				1B477C1A2C041AB200E70607 /* PlaylistHeaderCell.swift */,
				1B477C1C2C041AE300E70607 /* PlaylistDescriptionCell.swift */,
				1B477C1E2C041B4700E70607 /* SongRowCell.swift */,
			);
			path = Components;
			sourceTree = "<group>";
		};
		1B477C062C03CABE00E70607 /* Models */ = {
			isa = PBXGroup;
			children = (
				1B477C072C03CACD00E70607 /* Category.swift */,
			);
			path = Models;
			sourceTree = "<group>";
		};
		1B6043842C174419005FB15D /* Bumble */ = {
			isa = PBXGroup;
			children = (
				1B6043862C175197005FB15D /* Core */,
				1B6043852C175188005FB15D /* Components */,
			);
			path = Bumble;
			sourceTree = "<group>";
		};
		1B6043852C175188005FB15D /* Components */ = {
			isa = PBXGroup;
			children = (
				1B6043892C175D45005FB15D /* BumbleFilterView.swift */,
				1B60438B2C177CA9005FB15D /* BumbleCardView.swift */,
				1BB6499C2C17820700CE4C13 /* BumbleHeartView.swift */,
				1BB6499E2C189E0E00CE4C13 /* InterestPillView.swift */,
				1BB649A02C189FDF00CE4C13 /* InterestPillGridView.swift */,
				1BB649A22C19E67C00CE4C13 /* BumbleProfileImageCell.swift */,
				1BB649A42C19E89900CE4C13 /* BumbleChatPreviewCell.swift */,
			);
			path = Components;
			sourceTree = "<group>";
		};
		1B6043862C175197005FB15D /* Core */ = {
			isa = PBXGroup;
			children = (
				1B6043872C1751B3005FB15D /* BumbleHomeView.swift */,
				1BB649A62C19ECCA00CE4C13 /* BumbleChatsView.swift */,
			);
			path = Core;
			sourceTree = "<group>";
		};
/* End PBXGroup section */

/* Begin PBXNativeTarget section */
		1B477BD92C03B3C600E70607 /* swiftful-swiftui-practice */ = {
			isa = PBXNativeTarget;
			buildConfigurationList = 1B477BE82C03B3C700E70607 /* Build configuration list for PBXNativeTarget "swiftful-swiftui-practice" */;
			buildPhases = (
				1B477BD62C03B3C600E70607 /* Sources */,
				1B477BD72C03B3C600E70607 /* Frameworks */,
				1B477BD82C03B3C600E70607 /* Resources */,
			);
			buildRules = (
			);
			dependencies = (
			);
			name = "swiftful-swiftui-practice";
			packageProductDependencies = (
				1B477C0C2C03FA3E00E70607 /* SDWebImageSwiftUI */,
				1B477C0F2C03FAC000E70607 /* SwiftfulUI */,
				1B477C122C03FAE600E70607 /* SwiftfulRouting */,
			);
			productName = "swiftful-swiftui-practice";
			productReference = 1B477BDA2C03B3C600E70607 /* swiftful-swiftui-practice.app */;
			productType = "com.apple.product-type.application";
		};
/* End PBXNativeTarget section */

/* Begin PBXProject section */
		1B477BD22C03B3C600E70607 /* Project object */ = {
			isa = PBXProject;
			attributes = {
				BuildIndependentTargetsInParallel = 1;
				LastSwiftUpdateCheck = 1520;
				LastUpgradeCheck = 1520;
				TargetAttributes = {
					1B477BD92C03B3C600E70607 = {
						CreatedOnToolsVersion = 15.2;
					};
				};
			};
			buildConfigurationList = 1B477BD52C03B3C600E70607 /* Build configuration list for PBXProject "swiftful-swiftui-practice" */;
			compatibilityVersion = "Xcode 14.0";
			developmentRegion = en;
			hasScannedForEncodings = 0;
			knownRegions = (
				en,
				Base,
			);
			mainGroup = 1B477BD12C03B3C600E70607;
			packageReferences = (
				1B477C0B2C03FA3E00E70607 /* XCRemoteSwiftPackageReference "SDWebImageSwiftUI" */,
				1B477C0E2C03FAC000E70607 /* XCRemoteSwiftPackageReference "SwiftfulUI" */,
				1B477C112C03FAE600E70607 /* XCRemoteSwiftPackageReference "SwiftfulRouting" */,
			);
			productRefGroup = 1B477BDB2C03B3C600E70607 /* Products */;
			projectDirPath = "";
			projectRoot = "";
			targets = (
				1B477BD92C03B3C600E70607 /* swiftful-swiftui-practice */,
			);
		};
/* End PBXProject section */

/* Begin PBXResourcesBuildPhase section */
		1B477BD82C03B3C600E70607 /* Resources */ = {
			isa = PBXResourcesBuildPhase;
			buildActionMask = 2147483647;
			files = (
				1B477BE52C03B3C700E70607 /* Preview Assets.xcassets in Resources */,
				1B477BE22C03B3C700E70607 /* Assets.xcassets in Resources */,
			);
			runOnlyForDeploymentPostprocessing = 0;
		};
/* End PBXResourcesBuildPhase section */

/* Begin PBXSourcesBuildPhase section */
		1B477BD62C03B3C600E70607 /* Sources */ = {
			isa = PBXSourcesBuildPhase;
			buildActionMask = 2147483647;
			files = (
				1BB6499F2C189E0E00CE4C13 /* InterestPillView.swift in Sources */,
				1B6043882C1751B3005FB15D /* BumbleHomeView.swift in Sources */,
				1B477BF02C03B4B500E70607 /* ImageLoaderView.swift in Sources */,
				1B477C1D2C041AE300E70607 /* PlaylistDescriptionCell.swift in Sources */,
				1BB649A32C19E67C00CE4C13 /* BumbleProfileImageCell.swift in Sources */,
				1B477C192C0419B100E70607 /* SpotifyPlaylistView.swift in Sources */,
				1BB649A12C189FDF00CE4C13 /* InterestPillGridView.swift in Sources */,
				1BB649A52C19E89900CE4C13 /* BumbleChatPreviewCell.swift in Sources */,
				1B60438C2C177CA9005FB15D /* BumbleCardView.swift in Sources */,
				1B477C082C03CACD00E70607 /* Category.swift in Sources */,
				1B60438A2C175D45005FB15D /* BumbleFilterView.swift in Sources */,
				1B477C052C03C85A00E70607 /* SpotifyCategoryCell.swift in Sources */,
				1B477C1B2C041AB200E70607 /* PlaylistHeaderCell.swift in Sources */,
				1B477C152C0403C400E70607 /* SpotifyNewReleaseCell.swift in Sources */,
				1B477BF42C03B83300E70607 /* DatabaseHelper.swift in Sources */,
				1B477C032C03C41800E70607 /* SpotifyHomeView.swift in Sources */,
				1B477BE02C03B3C600E70607 /* ContentView.swift in Sources */,
				1B477BDE2C03B3C600E70607 /* swiftful_swiftui_practiceApp.swift in Sources */,
				1BB6499D2C17820700CE4C13 /* BumbleHeartView.swift in Sources */,
				1B477C1F2C041B4700E70607 /* SongRowCell.swift in Sources */,
				1B477BF22C03B62900E70607 /* Constants.swift in Sources */,
				1B477C0A2C03F0C400E70607 /* SpotifyRecentCell.swift in Sources */,
				1BB649A72C19ECCA00CE4C13 /* BumbleChatsView.swift in Sources */,
				1B477BF82C03BEC700E70607 /* User.swift in Sources */,
				1B477C172C0411FF00E70607 /* ImageTitleRowCell.swift in Sources */,
			);
			runOnlyForDeploymentPostprocessing = 0;
		};
/* End PBXSourcesBuildPhase section */

/* Begin XCBuildConfiguration section */
		1B477BE62C03B3C700E70607 /* Debug */ = {
			isa = XCBuildConfiguration;
			buildSettings = {
				ALWAYS_SEARCH_USER_PATHS = NO;
				ASSETCATALOG_COMPILER_GENERATE_SWIFT_ASSET_SYMBOL_EXTENSIONS = YES;
				CLANG_ANALYZER_NONNULL = YES;
				CLANG_ANALYZER_NUMBER_OBJECT_CONVERSION = YES_AGGRESSIVE;
				CLANG_CXX_LANGUAGE_STANDARD = "gnu++20";
				CLANG_ENABLE_MODULES = YES;
				CLANG_ENABLE_OBJC_ARC = YES;
				CLANG_ENABLE_OBJC_WEAK = YES;
				CLANG_WARN_BLOCK_CAPTURE_AUTORELEASING = YES;
				CLANG_WARN_BOOL_CONVERSION = YES;
				CLANG_WARN_COMMA = YES;
				CLANG_WARN_CONSTANT_CONVERSION = YES;
				CLANG_WARN_DEPRECATED_OBJC_IMPLEMENTATIONS = YES;
				CLANG_WARN_DIRECT_OBJC_ISA_USAGE = YES_ERROR;
				CLANG_WARN_DOCUMENTATION_COMMENTS = YES;
				CLANG_WARN_EMPTY_BODY = YES;
				CLANG_WARN_ENUM_CONVERSION = YES;
				CLANG_WARN_INFINITE_RECURSION = YES;
				CLANG_WARN_INT_CONVERSION = YES;
				CLANG_WARN_NON_LITERAL_NULL_CONVERSION = YES;
				CLANG_WARN_OBJC_IMPLICIT_RETAIN_SELF = YES;
				CLANG_WARN_OBJC_LITERAL_CONVERSION = YES;
				CLANG_WARN_OBJC_ROOT_CLASS = YES_ERROR;
				CLANG_WARN_QUOTED_INCLUDE_IN_FRAMEWORK_HEADER = YES;
				CLANG_WARN_RANGE_LOOP_ANALYSIS = YES;
				CLANG_WARN_STRICT_PROTOTYPES = YES;
				CLANG_WARN_SUSPICIOUS_MOVE = YES;
				CLANG_WARN_UNGUARDED_AVAILABILITY = YES_AGGRESSIVE;
				CLANG_WARN_UNREACHABLE_CODE = YES;
				CLANG_WARN__DUPLICATE_METHOD_MATCH = YES;
				COPY_PHASE_STRIP = NO;
				DEBUG_INFORMATION_FORMAT = dwarf;
				ENABLE_STRICT_OBJC_MSGSEND = YES;
				ENABLE_TESTABILITY = YES;
				ENABLE_USER_SCRIPT_SANDBOXING = YES;
				GCC_C_LANGUAGE_STANDARD = gnu17;
				GCC_DYNAMIC_NO_PIC = NO;
				GCC_NO_COMMON_BLOCKS = YES;
				GCC_OPTIMIZATION_LEVEL = 0;
				GCC_PREPROCESSOR_DEFINITIONS = (
					"DEBUG=1",
					"$(inherited)",
				);
				GCC_WARN_64_TO_32_BIT_CONVERSION = YES;
				GCC_WARN_ABOUT_RETURN_TYPE = YES_ERROR;
				GCC_WARN_UNDECLARED_SELECTOR = YES;
				GCC_WARN_UNINITIALIZED_AUTOS = YES_AGGRESSIVE;
				GCC_WARN_UNUSED_FUNCTION = YES;
				GCC_WARN_UNUSED_VARIABLE = YES;
				IPHONEOS_DEPLOYMENT_TARGET = 17.2;
				LOCALIZATION_PREFERS_STRING_CATALOGS = YES;
				MTL_ENABLE_DEBUG_INFO = INCLUDE_SOURCE;
				MTL_FAST_MATH = YES;
				ONLY_ACTIVE_ARCH = YES;
				SDKROOT = iphoneos;
				SWIFT_ACTIVE_COMPILATION_CONDITIONS = "DEBUG $(inherited)";
				SWIFT_OPTIMIZATION_LEVEL = "-Onone";
			};
			name = Debug;
		};
		1B477BE72C03B3C700E70607 /* Release */ = {
			isa = XCBuildConfiguration;
			buildSettings = {
				ALWAYS_SEARCH_USER_PATHS = NO;
				ASSETCATALOG_COMPILER_GENERATE_SWIFT_ASSET_SYMBOL_EXTENSIONS = YES;
				CLANG_ANALYZER_NONNULL = YES;
				CLANG_ANALYZER_NUMBER_OBJECT_CONVERSION = YES_AGGRESSIVE;
				CLANG_CXX_LANGUAGE_STANDARD = "gnu++20";
				CLANG_ENABLE_MODULES = YES;
				CLANG_ENABLE_OBJC_ARC = YES;
				CLANG_ENABLE_OBJC_WEAK = YES;
				CLANG_WARN_BLOCK_CAPTURE_AUTORELEASING = YES;
				CLANG_WARN_BOOL_CONVERSION = YES;
				CLANG_WARN_COMMA = YES;
				CLANG_WARN_CONSTANT_CONVERSION = YES;
				CLANG_WARN_DEPRECATED_OBJC_IMPLEMENTATIONS = YES;
				CLANG_WARN_DIRECT_OBJC_ISA_USAGE = YES_ERROR;
				CLANG_WARN_DOCUMENTATION_COMMENTS = YES;
				CLANG_WARN_EMPTY_BODY = YES;
				CLANG_WARN_ENUM_CONVERSION = YES;
				CLANG_WARN_INFINITE_RECURSION = YES;
				CLANG_WARN_INT_CONVERSION = YES;
				CLANG_WARN_NON_LITERAL_NULL_CONVERSION = YES;
				CLANG_WARN_OBJC_IMPLICIT_RETAIN_SELF = YES;
				CLANG_WARN_OBJC_LITERAL_CONVERSION = YES;
				CLANG_WARN_OBJC_ROOT_CLASS = YES_ERROR;
				CLANG_WARN_QUOTED_INCLUDE_IN_FRAMEWORK_HEADER = YES;
				CLANG_WARN_RANGE_LOOP_ANALYSIS = YES;
				CLANG_WARN_STRICT_PROTOTYPES = YES;
				CLANG_WARN_SUSPICIOUS_MOVE = YES;
				CLANG_WARN_UNGUARDED_AVAILABILITY = YES_AGGRESSIVE;
				CLANG_WARN_UNREACHABLE_CODE = YES;
				CLANG_WARN__DUPLICATE_METHOD_MATCH = YES;
				COPY_PHASE_STRIP = NO;
				DEBUG_INFORMATION_FORMAT = "dwarf-with-dsym";
				ENABLE_NS_ASSERTIONS = NO;
				ENABLE_STRICT_OBJC_MSGSEND = YES;
				ENABLE_USER_SCRIPT_SANDBOXING = YES;
				GCC_C_LANGUAGE_STANDARD = gnu17;
				GCC_NO_COMMON_BLOCKS = YES;
				GCC_WARN_64_TO_32_BIT_CONVERSION = YES;
				GCC_WARN_ABOUT_RETURN_TYPE = YES_ERROR;
				GCC_WARN_UNDECLARED_SELECTOR = YES;
				GCC_WARN_UNINITIALIZED_AUTOS = YES_AGGRESSIVE;
				GCC_WARN_UNUSED_FUNCTION = YES;
				GCC_WARN_UNUSED_VARIABLE = YES;
				IPHONEOS_DEPLOYMENT_TARGET = 17.2;
				LOCALIZATION_PREFERS_STRING_CATALOGS = YES;
				MTL_ENABLE_DEBUG_INFO = NO;
				MTL_FAST_MATH = YES;
				SDKROOT = iphoneos;
				SWIFT_COMPILATION_MODE = wholemodule;
				VALIDATE_PRODUCT = YES;
			};
			name = Release;
		};
		1B477BE92C03B3C700E70607 /* Debug */ = {
			isa = XCBuildConfiguration;
			buildSettings = {
				ASSETCATALOG_COMPILER_APPICON_NAME = AppIcon;
				ASSETCATALOG_COMPILER_GLOBAL_ACCENT_COLOR_NAME = AccentColor;
				CODE_SIGN_STYLE = Automatic;
				CURRENT_PROJECT_VERSION = 1;
				DEVELOPMENT_ASSET_PATHS = "\"swiftful-swiftui-practice/Preview Content\"";
				ENABLE_PREVIEWS = YES;
				GENERATE_INFOPLIST_FILE = YES;
				INFOPLIST_KEY_UIApplicationSceneManifest_Generation = YES;
				INFOPLIST_KEY_UIApplicationSupportsIndirectInputEvents = YES;
				INFOPLIST_KEY_UILaunchScreen_Generation = YES;
				INFOPLIST_KEY_UISupportedInterfaceOrientations_iPad = "UIInterfaceOrientationPortrait UIInterfaceOrientationPortraitUpsideDown UIInterfaceOrientationLandscapeLeft UIInterfaceOrientationLandscapeRight";
				INFOPLIST_KEY_UISupportedInterfaceOrientations_iPhone = "UIInterfaceOrientationPortrait UIInterfaceOrientationLandscapeLeft UIInterfaceOrientationLandscapeRight";
				LD_RUNPATH_SEARCH_PATHS = (
					"$(inherited)",
					"@executable_path/Frameworks",
				);
				MARKETING_VERSION = 1.0;
				PRODUCT_BUNDLE_IDENTIFIER = "com.swiftful-swiftui-practice";
				PRODUCT_NAME = "$(TARGET_NAME)";
				SWIFT_EMIT_LOC_STRINGS = YES;
				SWIFT_VERSION = 5.0;
				TARGETED_DEVICE_FAMILY = "1,2";
			};
			name = Debug;
		};
		1B477BEA2C03B3C700E70607 /* Release */ = {
			isa = XCBuildConfiguration;
			buildSettings = {
				ASSETCATALOG_COMPILER_APPICON_NAME = AppIcon;
				ASSETCATALOG_COMPILER_GLOBAL_ACCENT_COLOR_NAME = AccentColor;
				CODE_SIGN_STYLE = Automatic;
				CURRENT_PROJECT_VERSION = 1;
				DEVELOPMENT_ASSET_PATHS = "\"swiftful-swiftui-practice/Preview Content\"";
				ENABLE_PREVIEWS = YES;
				GENERATE_INFOPLIST_FILE = YES;
				INFOPLIST_KEY_UIApplicationSceneManifest_Generation = YES;
				INFOPLIST_KEY_UIApplicationSupportsIndirectInputEvents = YES;
				INFOPLIST_KEY_UILaunchScreen_Generation = YES;
				INFOPLIST_KEY_UISupportedInterfaceOrientations_iPad = "UIInterfaceOrientationPortrait UIInterfaceOrientationPortraitUpsideDown UIInterfaceOrientationLandscapeLeft UIInterfaceOrientationLandscapeRight";
				INFOPLIST_KEY_UISupportedInterfaceOrientations_iPhone = "UIInterfaceOrientationPortrait UIInterfaceOrientationLandscapeLeft UIInterfaceOrientationLandscapeRight";
				LD_RUNPATH_SEARCH_PATHS = (
					"$(inherited)",
					"@executable_path/Frameworks",
				);
				MARKETING_VERSION = 1.0;
				PRODUCT_BUNDLE_IDENTIFIER = "com.swiftful-swiftui-practice";
				PRODUCT_NAME = "$(TARGET_NAME)";
				SWIFT_EMIT_LOC_STRINGS = YES;
				SWIFT_VERSION = 5.0;
				TARGETED_DEVICE_FAMILY = "1,2";
			};
			name = Release;
		};
/* End XCBuildConfiguration section */

/* Begin XCConfigurationList section */
		1B477BD52C03B3C600E70607 /* Build configuration list for PBXProject "swiftful-swiftui-practice" */ = {
			isa = XCConfigurationList;
			buildConfigurations = (
				1B477BE62C03B3C700E70607 /* Debug */,
				1B477BE72C03B3C700E70607 /* Release */,
			);
			defaultConfigurationIsVisible = 0;
			defaultConfigurationName = Release;
		};
		1B477BE82C03B3C700E70607 /* Build configuration list for PBXNativeTarget "swiftful-swiftui-practice" */ = {
			isa = XCConfigurationList;
			buildConfigurations = (
				1B477BE92C03B3C700E70607 /* Debug */,
				1B477BEA2C03B3C700E70607 /* Release */,
			);
			defaultConfigurationIsVisible = 0;
			defaultConfigurationName = Release;
		};
/* End XCConfigurationList section */

/* Begin XCRemoteSwiftPackageReference section */
		1B477C0B2C03FA3E00E70607 /* XCRemoteSwiftPackageReference "SDWebImageSwiftUI" */ = {
			isa = XCRemoteSwiftPackageReference;
			repositoryURL = "https://github.com/SDWebImage/SDWebImageSwiftUI.git";
			requirement = {
				kind = upToNextMajorVersion;
				minimumVersion = 2.2.6;
			};
		};
		1B477C0E2C03FAC000E70607 /* XCRemoteSwiftPackageReference "SwiftfulUI" */ = {
			isa = XCRemoteSwiftPackageReference;
			repositoryURL = "https://github.com/SwiftfulThinking/SwiftfulUI.git";
			requirement = {
				kind = upToNextMajorVersion;
				minimumVersion = 1.1.7;
			};
		};
		1B477C112C03FAE600E70607 /* XCRemoteSwiftPackageReference "SwiftfulRouting" */ = {
			isa = XCRemoteSwiftPackageReference;
			repositoryURL = "https://github.com/SwiftfulThinking/SwiftfulRouting.git";
			requirement = {
				kind = upToNextMajorVersion;
				minimumVersion = 5.1.0;
			};
		};
/* End XCRemoteSwiftPackageReference section */

/* Begin XCSwiftPackageProductDependency section */
		1B477C0C2C03FA3E00E70607 /* SDWebImageSwiftUI */ = {
			isa = XCSwiftPackageProductDependency;
			package = 1B477C0B2C03FA3E00E70607 /* XCRemoteSwiftPackageReference "SDWebImageSwiftUI" */;
			productName = SDWebImageSwiftUI;
		};
		1B477C0F2C03FAC000E70607 /* SwiftfulUI */ = {
			isa = XCSwiftPackageProductDependency;
			package = 1B477C0E2C03FAC000E70607 /* XCRemoteSwiftPackageReference "SwiftfulUI" */;
			productName = SwiftfulUI;
		};
		1B477C122C03FAE600E70607 /* SwiftfulRouting */ = {
			isa = XCSwiftPackageProductDependency;
			package = 1B477C112C03FAE600E70607 /* XCRemoteSwiftPackageReference "SwiftfulRouting" */;
			productName = SwiftfulRouting;
		};
/* End XCSwiftPackageProductDependency section */
	};
	rootObject = 1B477BD22C03B3C600E70607 /* Project object */;
}
